
Microsoft Visual Studio Solution File, Format Version 12.00
# Visual Studio Version 17
VisualStudioVersion = 17.8.34330.188
MinimumVisualStudioVersion = 10.0.40219.1
Project("{9A19103F-16F7-4668-BE54-9A1E7A4F7556}") = "RAFWEB.Data", "RAFWEB.Data\RAFWEB.Data.csproj", "{6E97BB45-E976-4A6B-988B-102379C08E6D}"
EndProject
Project("{9A19103F-16F7-4668-BE54-9A1E7A4F7556}") = "RAFWEB.Core", "RAFWEB.Core\RAFWEB.Core.csproj", "{246F2D9D-22F1-40DB-9BED-8CA54B7AA99C}"
EndProject
Project("{9A19103F-16F7-4668-BE54-9A1E7A4F7556}") = "RAFWEB.API", "RAFWEB.API\RAFWEB.API.csproj", "{F5FF64EE-F432-4234-BE9F-811300412084}"
EndProject
Project("{FAE04EC0-301F-11D3-BF4B-00C04F79EFBC}") = "RAFWEB.Domain", "RAFWEB.Domain\RAFWEB.Domain.csproj", "{5445E8D2-4E26-4187-9645-560DC6BEC013}"
EndProject
Global
	GlobalSection(SolutionConfigurationPlatforms) = preSolution
		Debug|Any CPU = Debug|Any CPU
		Release|Any CPU = Release|Any CPU
	EndGlobalSection
	GlobalSection(ProjectConfigurationPlatforms) = postSolution
		{6E97BB45-E976-4A6B-988B-102379C08E6D}.Debug|Any CPU.ActiveCfg = Debug|Any CPU
		{6E97BB45-E976-4A6B-988B-102379C08E6D}.Debug|Any CPU.Build.0 = Debug|Any CPU
		{6E97BB45-E976-4A6B-988B-102379C08E6D}.Release|Any CPU.ActiveCfg = Release|Any CPU
		{6E97BB45-E976-4A6B-988B-102379C08E6D}.Release|Any CPU.Build.0 = Release|Any CPU
		{246F2D9D-22F1-40DB-9BED-8CA54B7AA99C}.Debug|Any CPU.ActiveCfg = Debug|Any CPU
		{246F2D9D-22F1-40DB-9BED-8CA54B7AA99C}.Debug|Any CPU.Build.0 = Debug|Any CPU
		{246F2D9D-22F1-40DB-9BED-8CA54B7AA99C}.Release|Any CPU.ActiveCfg = Release|Any CPU
		{246F2D9D-22F1-40DB-9BED-8CA54B7AA99C}.Release|Any CPU.Build.0 = Release|Any CPU
		{F5FF64EE-F432-4234-BE9F-811300412084}.Debug|Any CPU.ActiveCfg = Debug|Any CPU
		{F5FF64EE-F432-4234-BE9F-811300412084}.Debug|Any CPU.Build.0 = Debug|Any CPU
		{F5FF64EE-F432-4234-BE9F-811300412084}.Release|Any CPU.ActiveCfg = Release|Any CPU
		{F5FF64EE-F432-4234-BE9F-811300412084}.Release|Any CPU.Build.0 = Release|Any CPU
		{5445E8D2-4E26-4187-9645-560DC6BEC013}.Debug|Any CPU.ActiveCfg = Debug|Any CPU
		{5445E8D2-4E26-4187-9645-560DC6BEC013}.Debug|Any CPU.Build.0 = Debug|Any CPU
		{5445E8D2-4E26-4187-9645-560DC6BEC013}.Release|Any CPU.ActiveCfg = Release|Any CPU
		{5445E8D2-4E26-4187-9645-560DC6BEC013}.Release|Any CPU.Build.0 = Release|Any CPU
	EndGlobalSection
	GlobalSection(SolutionProperties) = preSolution
		HideSolutionNode = FALSE
	EndGlobalSection
	GlobalSection(ExtensibilityGlobals) = postSolution
		SolutionGuid = {813137A0-78B3-435A-993C-1EEC14EE1870}
	EndGlobalSection
EndGlobal
